// !$*UTF8*$!
{
	archiveVersion = 1;
	classes = {
	};
	objectVersion = 55;
	objects = {

/* Begin PBXBuildFile section */
		22837E2328E4F2EB0031FB5A /* main.cpp in Sources */ = {isa = PBXBuildFile; fileRef = 22837E2228E4F2EB0031FB5A /* main.cpp */; };
		2285F78D28E510F8002BD383 /* HealCheck.cpp in Sources */ = {isa = PBXBuildFile; fileRef = 2285F78B28E510F8002BD383 /* HealCheck.cpp */; };
		2285F79128E56285002BD383 /* Api.cpp in Sources */ = {isa = PBXBuildFile; fileRef = 2285F78F28E56285002BD383 /* Api.cpp */; };
/* End PBXBuildFile section */

/* Begin PBXCopyFilesBuildPhase section */
		22837E1D28E4F2EB0031FB5A /* CopyFiles */ = {
			isa = PBXCopyFilesBuildPhase;
			buildActionMask = 2147483647;
			dstPath = /usr/share/man/man1/;
			dstSubfolderSpec = 0;
			files = (
			);
			runOnlyForDeploymentPostprocessing = 1;
		};
/* End PBXCopyFilesBuildPhase section */

/* Begin PBXFileReference section */
		22837E1F28E4F2EB0031FB5A /* RestApi */ = {isa = PBXFileReference; explicitFileType = "compiled.mach-o.executable"; includeInIndex = 0; path = RestApi; sourceTree = BUILT_PRODUCTS_DIR; };
		22837E2228E4F2EB0031FB5A /* main.cpp */ = {isa = PBXFileReference; lastKnownFileType = sourcecode.cpp.cpp; path = main.cpp; sourceTree = "<group>"; };
		228480E728E4FA1500286CCD /* Crow */ = {isa = PBXFileReference; lastKnownFileType = folder; path = Crow; sourceTree = "<group>"; };
		2285F78728E50C71002BD383 /* README.md */ = {isa = PBXFileReference; fileEncoding = 4; lastKnownFileType = net.daringfireball.markdown; path = README.md; sourceTree = "<group>"; };
		2285F78B28E510F8002BD383 /* HealCheck.cpp */ = {isa = PBXFileReference; lastKnownFileType = sourcecode.cpp.cpp; path = HealCheck.cpp; sourceTree = "<group>"; };
		2285F78C28E510F8002BD383 /* HealCheck.hpp */ = {isa = PBXFileReference; lastKnownFileType = sourcecode.cpp.h; path = HealCheck.hpp; sourceTree = "<group>"; };
		2285F78F28E56285002BD383 /* Api.cpp */ = {isa = PBXFileReference; lastKnownFileType = sourcecode.cpp.cpp; path = Api.cpp; sourceTree = "<group>"; };
		2285F79028E56285002BD383 /* Api.hpp */ = {isa = PBXFileReference; lastKnownFileType = sourcecode.cpp.h; path = Api.hpp; sourceTree = "<group>"; };
/* End PBXFileReference section */

/* Begin PBXFrameworksBuildPhase section */
		22837E1C28E4F2EB0031FB5A /* Frameworks */ = {
			isa = PBXFrameworksBuildPhase;
			buildActionMask = 2147483647;
			files = (
			);
			runOnlyForDeploymentPostprocessing = 0;
		};
/* End PBXFrameworksBuildPhase section */

/* Begin PBXGroup section */
		22837E1628E4F2EA0031FB5A = {
			isa = PBXGroup;
			children = (
				2285F78728E50C71002BD383 /* README.md */,
				22837E2928E4F58D0031FB5A /* src */,
				22837E2A28E4F7B90031FB5A /* deps */,
				22837E2028E4F2EB0031FB5A /* Products */,
			);
			sourceTree = "<group>";
		};
		22837E2028E4F2EB0031FB5A /* Products */ = {
			isa = PBXGroup;
			children = (
				22837E1F28E4F2EB0031FB5A /* RestApi */,
			);
			name = Products;
			sourceTree = "<group>";
		};
		22837E2928E4F58D0031FB5A /* src */ = {
			isa = PBXGroup;
			children = (
				2285F78828E51025002BD383 /* Routes  */,
				22837E2228E4F2EB0031FB5A /* main.cpp */,
			);
			path = src;
			sourceTree = "<group>";
		};
		22837E2A28E4F7B90031FB5A /* deps */ = {
			isa = PBXGroup;
			children = (
				228480E728E4FA1500286CCD /* Crow */,
			);
			path = deps;
			sourceTree = "<group>";
		};
		2285F78828E51025002BD383 /* Routes  */ = {
			isa = PBXGroup;
			children = (
				2285F78E28E56248002BD383 /* Api */,
				2285F78928E51073002BD383 /* Healcheck */,
			);
			path = "Routes ";
			sourceTree = "<group>";
		};
		2285F78928E51073002BD383 /* Healcheck */ = {
			isa = PBXGroup;
			children = (
				2285F78B28E510F8002BD383 /* HealCheck.cpp */,
				2285F78C28E510F8002BD383 /* HealCheck.hpp */,
			);
			path = Healcheck;
			sourceTree = "<group>";
		};
		2285F78E28E56248002BD383 /* Api */ = {
			isa = PBXGroup;
			children = (
				2285F78F28E56285002BD383 /* Api.cpp */,
				2285F79028E56285002BD383 /* Api.hpp */,
			);
			path = Api;
			sourceTree = "<group>";
		};
/* End PBXGroup section */

/* Begin PBXNativeTarget section */
		22837E1E28E4F2EB0031FB5A /* RestApi */ = {
			isa = PBXNativeTarget;
			buildConfigurationList = 22837E2628E4F2EB0031FB5A /* Build configuration list for PBXNativeTarget "RestApi" */;
			buildPhases = (
				22837E1B28E4F2EB0031FB5A /* Sources */,
				22837E1C28E4F2EB0031FB5A /* Frameworks */,
				22837E1D28E4F2EB0031FB5A /* CopyFiles */,
			);
			buildRules = (
			);
			dependencies = (
			);
			name = RestApi;
			productName = RestApi;
			productReference = 22837E1F28E4F2EB0031FB5A /* RestApi */;
			productType = "com.apple.product-type.tool";
		};
/* End PBXNativeTarget section */

/* Begin PBXProject section */
		22837E1728E4F2EB0031FB5A /* Project object */ = {
			isa = PBXProject;
			attributes = {
				BuildIndependentTargetsInParallel = 1;
				LastUpgradeCheck = 1300;
				TargetAttributes = {
					22837E1E28E4F2EB0031FB5A = {
						CreatedOnToolsVersion = 13.0;
					};
				};
			};
			buildConfigurationList = 22837E1A28E4F2EB0031FB5A /* Build configuration list for PBXProject "RestApi" */;
			compatibilityVersion = "Xcode 13.0";
			developmentRegion = en;
			hasScannedForEncodings = 0;
			knownRegions = (
				en,
				Base,
			);
			mainGroup = 22837E1628E4F2EA0031FB5A;
			productRefGroup = 22837E2028E4F2EB0031FB5A /* Products */;
			projectDirPath = "";
			projectRoot = "";
			targets = (
				22837E1E28E4F2EB0031FB5A /* RestApi */,
			);
		};
/* End PBXProject section */

/* Begin PBXSourcesBuildPhase section */
		22837E1B28E4F2EB0031FB5A /* Sources */ = {
			isa = PBXSourcesBuildPhase;
			buildActionMask = 2147483647;
			files = (
				2285F79128E56285002BD383 /* Api.cpp in Sources */,
				2285F78D28E510F8002BD383 /* HealCheck.cpp in Sources */,
				22837E2328E4F2EB0031FB5A /* main.cpp in Sources */,
			);
			runOnlyForDeploymentPostprocessing = 0;
		};
/* End PBXSourcesBuildPhase section */

/* Begin XCBuildConfiguration section */
		22837E2428E4F2EB0031FB5A /* Debug */ = {
			isa = XCBuildConfiguration;
			buildSettings = {
				ALWAYS_SEARCH_USER_PATHS = NO;
				CLANG_ANALYZER_NONNULL = YES;
				CLANG_ANALYZER_NUMBER_OBJECT_CONVERSION = YES_AGGRESSIVE;
				CLANG_CXX_LANGUAGE_STANDARD = "gnu++17";
				CLANG_CXX_LIBRARY = "libc++";
				CLANG_ENABLE_MODULES = YES;
				CLANG_ENABLE_OBJC_ARC = YES;
				CLANG_ENABLE_OBJC_WEAK = YES;
				CLANG_WARN_BLOCK_CAPTURE_AUTORELEASING = YES;
				CLANG_WARN_BOOL_CONVERSION = YES;
				CLANG_WARN_COMMA = YES;
				CLANG_WARN_CONSTANT_CONVERSION = YES;
				CLANG_WARN_DEPRECATED_OBJC_IMPLEMENTATIONS = YES;
				CLANG_WARN_DIRECT_OBJC_ISA_USAGE = YES_ERROR;
				CLANG_WARN_DOCUMENTATION_COMMENTS = YES;
				CLANG_WARN_EMPTY_BODY = YES;
				CLANG_WARN_ENUM_CONVERSION = YES;
				CLANG_WARN_INFINITE_RECURSION = YES;
				CLANG_WARN_INT_CONVERSION = YES;
				CLANG_WARN_NON_LITERAL_NULL_CONVERSION = YES;
				CLANG_WARN_OBJC_IMPLICIT_RETAIN_SELF = YES;
				CLANG_WARN_OBJC_LITERAL_CONVERSION = YES;
				CLANG_WARN_OBJC_ROOT_CLASS = YES_ERROR;
				CLANG_WARN_QUOTED_INCLUDE_IN_FRAMEWORK_HEADER = YES;
				CLANG_WARN_RANGE_LOOP_ANALYSIS = YES;
				CLANG_WARN_STRICT_PROTOTYPES = YES;
				CLANG_WARN_SUSPICIOUS_MOVE = YES;
				CLANG_WARN_UNGUARDED_AVAILABILITY = YES_AGGRESSIVE;
				CLANG_WARN_UNREACHABLE_CODE = YES;
				CLANG_WARN__DUPLICATE_METHOD_MATCH = YES;
				COPY_PHASE_STRIP = NO;
				DEBUG_INFORMATION_FORMAT = dwarf;
				ENABLE_STRICT_OBJC_MSGSEND = YES;
				ENABLE_TESTABILITY = YES;
				GCC_C_LANGUAGE_STANDARD = gnu11;
				GCC_DYNAMIC_NO_PIC = NO;
				GCC_NO_COMMON_BLOCKS = YES;
				GCC_OPTIMIZATION_LEVEL = 0;
				GCC_PREPROCESSOR_DEFINITIONS = (
					"DEBUG=1",
					"$(inherited)",
				);
				GCC_WARN_64_TO_32_BIT_CONVERSION = YES;
				GCC_WARN_ABOUT_RETURN_TYPE = YES_ERROR;
				GCC_WARN_UNDECLARED_SELECTOR = YES;
				GCC_WARN_UNINITIALIZED_AUTOS = YES_AGGRESSIVE;
				GCC_WARN_UNUSED_FUNCTION = YES;
				GCC_WARN_UNUSED_VARIABLE = YES;
				MACOSX_DEPLOYMENT_TARGET = 11.3;
				MTL_ENABLE_DEBUG_INFO = INCLUDE_SOURCE;
				MTL_FAST_MATH = YES;
				ONLY_ACTIVE_ARCH = YES;
				SDKROOT = macosx;
			};
			name = Debug;
		};
		22837E2528E4F2EB0031FB5A /* Release */ = {
			isa = XCBuildConfiguration;
			buildSettings = {
				ALWAYS_SEARCH_USER_PATHS = NO;
				CLANG_ANALYZER_NONNULL = YES;
				CLANG_ANALYZER_NUMBER_OBJECT_CONVERSION = YES_AGGRESSIVE;
				CLANG_CXX_LANGUAGE_STANDARD = "gnu++17";
				CLANG_CXX_LIBRARY = "libc++";
				CLANG_ENABLE_MODULES = YES;
				CLANG_ENABLE_OBJC_ARC = YES;
				CLANG_ENABLE_OBJC_WEAK = YES;
				CLANG_WARN_BLOCK_CAPTURE_AUTORELEASING = YES;
				CLANG_WARN_BOOL_CONVERSION = YES;
				CLANG_WARN_COMMA = YES;
				CLANG_WARN_CONSTANT_CONVERSION = YES;
				CLANG_WARN_DEPRECATED_OBJC_IMPLEMENTATIONS = YES;
				CLANG_WARN_DIRECT_OBJC_ISA_USAGE = YES_ERROR;
				CLANG_WARN_DOCUMENTATION_COMMENTS = YES;
				CLANG_WARN_EMPTY_BODY = YES;
				CLANG_WARN_ENUM_CONVERSION = YES;
				CLANG_WARN_INFINITE_RECURSION = YES;
				CLANG_WARN_INT_CONVERSION = YES;
				CLANG_WARN_NON_LITERAL_NULL_CONVERSION = YES;
				CLANG_WARN_OBJC_IMPLICIT_RETAIN_SELF = YES;
				CLANG_WARN_OBJC_LITERAL_CONVERSION = YES;
				CLANG_WARN_OBJC_ROOT_CLASS = YES_ERROR;
				CLANG_WARN_QUOTED_INCLUDE_IN_FRAMEWORK_HEADER = YES;
				CLANG_WARN_RANGE_LOOP_ANALYSIS = YES;
				CLANG_WARN_STRICT_PROTOTYPES = YES;
				CLANG_WARN_SUSPICIOUS_MOVE = YES;
				CLANG_WARN_UNGUARDED_AVAILABILITY = YES_AGGRESSIVE;
				CLANG_WARN_UNREACHABLE_CODE = YES;
				CLANG_WARN__DUPLICATE_METHOD_MATCH = YES;
				COPY_PHASE_STRIP = NO;
				DEBUG_INFORMATION_FORMAT = "dwarf-with-dsym";
				ENABLE_NS_ASSERTIONS = NO;
				ENABLE_STRICT_OBJC_MSGSEND = YES;
				GCC_C_LANGUAGE_STANDARD = gnu11;
				GCC_NO_COMMON_BLOCKS = YES;
				GCC_WARN_64_TO_32_BIT_CONVERSION = YES;
				GCC_WARN_ABOUT_RETURN_TYPE = YES_ERROR;
				GCC_WARN_UNDECLARED_SELECTOR = YES;
				GCC_WARN_UNINITIALIZED_AUTOS = YES_AGGRESSIVE;
				GCC_WARN_UNUSED_FUNCTION = YES;
				GCC_WARN_UNUSED_VARIABLE = YES;
				MACOSX_DEPLOYMENT_TARGET = 11.3;
				MTL_ENABLE_DEBUG_INFO = NO;
				MTL_FAST_MATH = YES;
				SDKROOT = macosx;
			};
			name = Release;
		};
		22837E2728E4F2EB0031FB5A /* Debug */ = {
			isa = XCBuildConfiguration;
			buildSettings = {
				CLANG_CXX_LANGUAGE_STANDARD = "c++20";
				CLANG_CXX_LIBRARY = "libc++";
				CODE_SIGN_STYLE = Automatic;
				DEVELOPMENT_TEAM = "";
				ENABLE_HARDENED_RUNTIME = YES;
				GCC_C_LANGUAGE_STANDARD = c11;
				HEADER_SEARCH_PATHS = (
					/usr/local/Cellar/boost/1.79.0_1/include,
					"/Users/jose.joya/Documents/Projects/CPP/RestApi/deps/Crow/include/**",
					/usr/local/Cellar/asio/1.24.0/include,
				);
				INSTALL_PATH = .;
				PRODUCT_NAME = "$(TARGET_NAME)";
			};
			name = Debug;
		};
		22837E2828E4F2EB0031FB5A /* Release */ = {
			isa = XCBuildConfiguration;
			buildSettings = {
				CLANG_CXX_LANGUAGE_STANDARD = "c++20";
				CLANG_CXX_LIBRARY = "libc++";
				CODE_SIGN_STYLE = Automatic;
				DEVELOPMENT_TEAM = "";
				ENABLE_HARDENED_RUNTIME = YES;
				GCC_C_LANGUAGE_STANDARD = c11;
				HEADER_SEARCH_PATHS = (
					/usr/local/Cellar/boost/1.79.0_1/include,
					"/Users/jose.joya/Documents/Projects/CPP/RestApi/deps/Crow/include/**",
					/usr/local/Cellar/asio/1.24.0/include,
				);
				INSTALL_PATH = .;
				PRODUCT_NAME = "$(TARGET_NAME)";
			};
			name = Release;
		};
/* End XCBuildConfiguration section */

/* Begin XCConfigurationList section */
		22837E1A28E4F2EB0031FB5A /* Build configuration list for PBXProject "RestApi" */ = {
			isa = XCConfigurationList;
			buildConfigurations = (
				22837E2428E4F2EB0031FB5A /* Debug */,
				22837E2528E4F2EB0031FB5A /* Release */,
			);
			defaultConfigurationIsVisible = 0;
			defaultConfigurationName = Release;
		};
		22837E2628E4F2EB0031FB5A /* Build configuration list for PBXNativeTarget "RestApi" */ = {
			isa = XCConfigurationList;
			buildConfigurations = (
				22837E2728E4F2EB0031FB5A /* Debug */,
				22837E2828E4F2EB0031FB5A /* Release */,
			);
			defaultConfigurationIsVisible = 0;
			defaultConfigurationName = Release;
		};
/* End XCConfigurationList section */
	};
	rootObject = 22837E1728E4F2EB0031FB5A /* Project object */;
}
